{
  "name": "qb-webui-api-openapi-swagger-ui",
  "lockfileVersion": 2,
  "requires": true,
  "packages": {
    "": {
      "name": "qb-webui-api-openapi-swagger-ui",
      "license": "MIT",
      "dependencies": {
        "swagger-ui-dist": "^4.17.1"
      }
    },
    "node_modules/swagger-ui-dist": {
      "version": "4.17.1",
      "resolved": "https://registry.npmjs.org/swagger-ui-dist/-/swagger-ui-dist-4.17.1.tgz",
      "integrity": "sha512-Q3iFZgpraiHWphd6eX7IfI+aAITLWoP1TSIRo+0vuixRxQNqwdknab/Ktu9rs8oY3XY08FtrXkK0qt54eSuUXg=="
    }
  },
  "dependencies": {
    "swagger-ui-dist": {
      "version": "4.17.1",
      "resolved": "https://registry.npmjs.org/swagger-ui-dist/-/swagger-ui-dist-4.17.1.tgz",
      "integrity": "sha512-Q3iFZgpraiHWphd6eX7IfI+aAITLWoP1TSIRo+0vuixRxQNqwdknab/Ktu9rs8oY3XY08FtrXkK0qt54eSuUXg=="
    }
  }
}
