{
  "name": "qb-webui-api-openapi-swagger-ui",
  "lockfileVersion": 2,
  "requires": true,
  "packages": {
    "": {
      "name": "qb-webui-api-openapi-swagger-ui",
      "license": "MIT",
      "dependencies": {
        "swagger-ui-dist": "^4.16.1"
      }
    },
    "node_modules/swagger-ui-dist": {
      "version": "4.16.1",
      "resolved": "https://registry.npmjs.org/swagger-ui-dist/-/swagger-ui-dist-4.16.1.tgz",
      "integrity": "sha512-4J4XekQG0ol4/TyUzMfksrWsMTbw/7JYlT+SFaX7H0xamd1OeuVlUSb/Cbq4qdDx1lc+uLZQW7u2mlImcE8c+w=="
    }
  },
  "dependencies": {
    "swagger-ui-dist": {
      "version": "4.16.1",
      "resolved": "https://registry.npmjs.org/swagger-ui-dist/-/swagger-ui-dist-4.16.1.tgz",
      "integrity": "sha512-4J4XekQG0ol4/TyUzMfksrWsMTbw/7JYlT+SFaX7H0xamd1OeuVlUSb/Cbq4qdDx1lc+uLZQW7u2mlImcE8c+w=="
    }
  }
}
