{
  "name": "qb-webui-api-openapi-swagger-ui",
  "lockfileVersion": 2,
  "requires": true,
  "packages": {
    "": {
      "name": "qb-webui-api-openapi-swagger-ui",
      "license": "MIT",
      "dependencies": {
        "swagger-ui-dist": "^4.18.3"
      }
    },
    "node_modules/swagger-ui-dist": {
      "version": "4.18.3",
      "resolved": "https://registry.npmjs.org/swagger-ui-dist/-/swagger-ui-dist-4.18.3.tgz",
      "integrity": "sha512-QW280Uvt234+TLo9NMPRa2Sj17RoorbQlR2eEY4R6Cs0LbdXhiO14YWX9OPBkBdiN64GQYz4zU8wlHLVi81lBg=="
    }
  },
  "dependencies": {
    "swagger-ui-dist": {
      "version": "4.18.3",
      "resolved": "https://registry.npmjs.org/swagger-ui-dist/-/swagger-ui-dist-4.18.3.tgz",
      "integrity": "sha512-QW280Uvt234+TLo9NMPRa2Sj17RoorbQlR2eEY4R6Cs0LbdXhiO14YWX9OPBkBdiN64GQYz4zU8wlHLVi81lBg=="
    }
  }
}
